
Microsoft Visual Studio Solution File, Format Version 12.00
# Visual Studio Version 17
VisualStudioVersion = 17.1.32210.238
MinimumVisualStudioVersion = 10.0.40219.1
Project("{FAE04EC0-301F-11D3-BF4B-00C04F79EFBC}") = "UC-3_Removing_Word_from_Paragraph", "UC-3_Removing_Word_from_Paragraph.csproj", "{644D5132-BAC7-4A16-9049-92FE6F1E2E66}"
EndProject
Global
	GlobalSection(SolutionConfigurationPlatforms) = preSolution
		Debug|Any CPU = Debug|Any CPU
		Release|Any CPU = Release|Any CPU
	EndGlobalSection
	GlobalSection(ProjectConfigurationPlatforms) = postSolution
		{644D5132-BAC7-4A16-9049-92FE6F1E2E66}.Debug|Any CPU.ActiveCfg = Debug|Any CPU
		{644D5132-BAC7-4A16-9049-92FE6F1E2E66}.Debug|Any CPU.Build.0 = Debug|Any CPU
		{644D5132-BAC7-4A16-9049-92FE6F1E2E66}.Release|Any CPU.ActiveCfg = Release|Any CPU
		{644D5132-BAC7-4A16-9049-92FE6F1E2E66}.Release|Any CPU.Build.0 = Release|Any CPU
	EndGlobalSection
	GlobalSection(SolutionProperties) = preSolution
		HideSolutionNode = FALSE
	EndGlobalSection
	GlobalSection(ExtensibilityGlobals) = postSolution
		SolutionGuid = {88213DD8-7636-4CC9-9578-9C6242255CCF}
	EndGlobalSection
EndGlobal
